
Microsoft Visual Studio Solution File, Format Version 12.00
# Visual Studio Version 17
VisualStudioVersion = 17.10.35122.118
MinimumVisualStudioVersion = 10.0.40219.1
Project("{FAE04EC0-301F-11D3-BF4B-00C04F79EFBC}") = "DelegatesDemo", "DelegatesDemo\DelegatesDemo.csproj", "{06B2875D-C527-487D-B047-28C47A9313ED}"
EndProject
Project("{FAE04EC0-301F-11D3-BF4B-00C04F79EFBC}") = "Delegate_Lecture", "Delegate_Lecture\Delegate_Lecture.csproj", "{958EBDBB-13A6-4CD8-B791-C34B8B94C084}"
EndProject
Global
	GlobalSection(SolutionConfigurationPlatforms) = preSolution
		Debug|Any CPU = Debug|Any CPU
		Release|Any CPU = Release|Any CPU
	EndGlobalSection
	GlobalSection(ProjectConfigurationPlatforms) = postSolution
		{06B2875D-C527-487D-B047-28C47A9313ED}.Debug|Any CPU.ActiveCfg = Debug|Any CPU
		{06B2875D-C527-487D-B047-28C47A9313ED}.Debug|Any CPU.Build.0 = Debug|Any CPU
		{06B2875D-C527-487D-B047-28C47A9313ED}.Release|Any CPU.ActiveCfg = Release|Any CPU
		{06B2875D-C527-487D-B047-28C47A9313ED}.Release|Any CPU.Build.0 = Release|Any CPU
		{958EBDBB-13A6-4CD8-B791-C34B8B94C084}.Debug|Any CPU.ActiveCfg = Debug|Any CPU
		{958EBDBB-13A6-4CD8-B791-C34B8B94C084}.Debug|Any CPU.Build.0 = Debug|Any CPU
		{958EBDBB-13A6-4CD8-B791-C34B8B94C084}.Release|Any CPU.ActiveCfg = Release|Any CPU
		{958EBDBB-13A6-4CD8-B791-C34B8B94C084}.Release|Any CPU.Build.0 = Release|Any CPU
	EndGlobalSection
	GlobalSection(SolutionProperties) = preSolution
		HideSolutionNode = FALSE
	EndGlobalSection
	GlobalSection(ExtensibilityGlobals) = postSolution
		SolutionGuid = {0BB961DE-D03D-4CD1-ABAD-5545B962A584}
	EndGlobalSection
EndGlobal
